
Microsoft Visual Studio Solution File, Format Version 12.00
# Visual Studio Version 17
VisualStudioVersion = 17.11.35312.102
MinimumVisualStudioVersion = 10.0.40219.1
Project("{8BC9CEB8-8B4A-11D0-8D11-00A0C91BC942}") = "INIValidator", "INICodingCheck.vcxproj", "{D435C497-A982-44FB-9386-77991A9FB854}"
EndProject
Project("{8BC9CEB8-8B4A-11D0-8D11-00A0C91BC942}") = "DllLoadTest", "DllLoadTest\DllLoadTest.vcxproj", "{0B5B2265-3F78-42AA-B5C6-ADA7DA72CCF1}"
	ProjectSection(ProjectDependencies) = postProject
		{D435C497-A982-44FB-9386-77991A9FB854} = {D435C497-A982-44FB-9386-77991A9FB854}
	EndProjectSection
EndProject
Global
	GlobalSection(SolutionConfigurationPlatforms) = preSolution
		Debug|x64 = Debug|x64
		Debug|x86 = Debug|x86
		Dll Debug|x64 = Dll Debug|x64
		Dll Debug|x86 = Dll Debug|x86
		Dll Release|x64 = Dll Release|x64
		Dll Release|x86 = Dll Release|x86
		Release|x64 = Release|x64
		Release|x86 = Release|x86
	EndGlobalSection
	GlobalSection(ProjectConfigurationPlatforms) = postSolution
		{D435C497-A982-44FB-9386-77991A9FB854}.Debug|x64.ActiveCfg = Debug|x64
		{D435C497-A982-44FB-9386-77991A9FB854}.Debug|x64.Build.0 = Debug|x64
		{D435C497-A982-44FB-9386-77991A9FB854}.Debug|x86.ActiveCfg = Debug|Win32
		{D435C497-A982-44FB-9386-77991A9FB854}.Debug|x86.Build.0 = Debug|Win32
		{D435C497-A982-44FB-9386-77991A9FB854}.Dll Debug|x64.ActiveCfg = Dll Debug|x64
		{D435C497-A982-44FB-9386-77991A9FB854}.Dll Debug|x64.Build.0 = Dll Debug|x64
		{D435C497-A982-44FB-9386-77991A9FB854}.Dll Debug|x86.ActiveCfg = Dll Debug|Win32
		{D435C497-A982-44FB-9386-77991A9FB854}.Dll Debug|x86.Build.0 = Dll Debug|Win32
		{D435C497-A982-44FB-9386-77991A9FB854}.Dll Release|x64.ActiveCfg = Dll Release|x64
		{D435C497-A982-44FB-9386-77991A9FB854}.Dll Release|x64.Build.0 = Dll Release|x64
		{D435C497-A982-44FB-9386-77991A9FB854}.Dll Release|x86.ActiveCfg = Dll Release|Win32
		{D435C497-A982-44FB-9386-77991A9FB854}.Dll Release|x86.Build.0 = Dll Release|Win32
		{D435C497-A982-44FB-9386-77991A9FB854}.Release|x64.ActiveCfg = Release|x64
		{D435C497-A982-44FB-9386-77991A9FB854}.Release|x64.Build.0 = Release|x64
		{D435C497-A982-44FB-9386-77991A9FB854}.Release|x86.ActiveCfg = Release|Win32
		{D435C497-A982-44FB-9386-77991A9FB854}.Release|x86.Build.0 = Release|Win32
		{0B5B2265-3F78-42AA-B5C6-ADA7DA72CCF1}.Debug|x64.ActiveCfg = Dll Debug|x64
		{0B5B2265-3F78-42AA-B5C6-ADA7DA72CCF1}.Debug|x64.Build.0 = Dll Debug|x64
		{0B5B2265-3F78-42AA-B5C6-ADA7DA72CCF1}.Debug|x86.ActiveCfg = Dll Debug|Win32
		{0B5B2265-3F78-42AA-B5C6-ADA7DA72CCF1}.Debug|x86.Build.0 = Dll Debug|Win32
		{0B5B2265-3F78-42AA-B5C6-ADA7DA72CCF1}.Dll Debug|x64.ActiveCfg = Dll Debug|x64
		{0B5B2265-3F78-42AA-B5C6-ADA7DA72CCF1}.Dll Debug|x64.Build.0 = Dll Debug|x64
		{0B5B2265-3F78-42AA-B5C6-ADA7DA72CCF1}.Dll Debug|x86.ActiveCfg = Dll Debug|Win32
		{0B5B2265-3F78-42AA-B5C6-ADA7DA72CCF1}.Dll Debug|x86.Build.0 = Dll Debug|Win32
		{0B5B2265-3F78-42AA-B5C6-ADA7DA72CCF1}.Dll Release|x64.ActiveCfg = Dll Release|x64
		{0B5B2265-3F78-42AA-B5C6-ADA7DA72CCF1}.Dll Release|x64.Build.0 = Dll Release|x64
		{0B5B2265-3F78-42AA-B5C6-ADA7DA72CCF1}.Dll Release|x86.ActiveCfg = Dll Release|Win32
		{0B5B2265-3F78-42AA-B5C6-ADA7DA72CCF1}.Dll Release|x86.Build.0 = Dll Release|Win32
		{0B5B2265-3F78-42AA-B5C6-ADA7DA72CCF1}.Release|x64.ActiveCfg = Release|x64
		{0B5B2265-3F78-42AA-B5C6-ADA7DA72CCF1}.Release|x64.Build.0 = Release|x64
		{0B5B2265-3F78-42AA-B5C6-ADA7DA72CCF1}.Release|x86.ActiveCfg = Release|Win32
		{0B5B2265-3F78-42AA-B5C6-ADA7DA72CCF1}.Release|x86.Build.0 = Release|Win32
	EndGlobalSection
	GlobalSection(SolutionProperties) = preSolution
		HideSolutionNode = FALSE
	EndGlobalSection
	GlobalSection(ExtensibilityGlobals) = postSolution
		SolutionGuid = {59E40685-7E72-42C4-ABD8-6F1CEE99915E}
	EndGlobalSection
EndGlobal
